{"1.2.0",
[{<<"accept">>,{pkg,<<"accept">>,<<"0.3.7">>},0},
 {<<"prometheus">>,{pkg,<<"prometheus">>,<<"5.0.0">>},0},
 {<<"quantile_estimator">>,{pkg,<<"quantile_estimator">>,<<"1.0.2">>},1}]}.
[
{pkg_hash,[
 {<<"accept">>, <<"CD6E34A2D7E28CA38B2D3CB233734CA0C221EFBC1F171F91FEC5F162CC2D18DA">>},
 {<<"prometheus">>, <<"8A37A3216D8DB019D19068602669C9819C099120F8E39994DD1BD3A3F5553376">>},
 {<<"quantile_estimator">>, <<"ECD281D40110FDD9BA62685531E4435E0839A52FD1058DA5564F1763E4642EF7">>}]},
{pkg_hash_ext,[
 {<<"accept">>, <<"CA69388943F5DAD2E7232A5478F16086E3C872F48E32B88B378E1885A59F5649">>},
 {<<"prometheus">>, <<"80D29564A5DC4490B53FD225D752B65FB0DBEBA41497F96D62223338127C5659">>},
 {<<"quantile_estimator">>, <<"DB404793D6384995A1AC6DD973E2CEE5BE9FCC128765BDBA53D87C564E296B64">>}]}
].
